Microsoft Visual Studio Solution File, Format Version 12.00
# Visual Studio Version 17
VisualStudioVersion = 17.5.2.0
MinimumVisualStudioVersion = 10.0.40219.1
Project("{FAE04EC0-301F-11D3-BF4B-00C04F79EFBC}") = "azurenet", "azurenet.csproj", "{6CC30311-1A78-098C-00C7-1E790AECD270}"
EndProject
Global
	GlobalSection(SolutionConfigurationPlatforms) = preSolution
		Debug|Any CPU = Debug|Any CPU
		Release|Any CPU = Release|Any CPU
	EndGlobalSection
	GlobalSection(ProjectConfigurationPlatforms) = postSolution
		{6CC30311-1A78-098C-00C7-1E790AECD270}.Debug|Any CPU.ActiveCfg = Debug|Any CPU
		{6CC30311-1A78-098C-00C7-1E790AECD270}.Debug|Any CPU.Build.0 = Debug|Any CPU
		{6CC30311-1A78-098C-00C7-1E790AECD270}.Release|Any CPU.ActiveCfg = Release|Any CPU
		{6CC30311-1A78-098C-00C7-1E790AECD270}.Release|Any CPU.Build.0 = Release|Any CPU
	EndGlobalSection
	GlobalSection(SolutionProperties) = preSolution
		HideSolutionNode = FALSE
	EndGlobalSection
	GlobalSection(ExtensibilityGlobals) = postSolution
		SolutionGuid = {63BE0C26-E7E6-4B9C-BFE7-AD0DBF770368}
	EndGlobalSection
EndGlobal
